
Microsoft Visual Studio Solution File, Format Version 12.00
# Visual Studio Version 16
VisualStudioVersion = 16.0.33130.400
MinimumVisualStudioVersion = 10.0.40219.1
Project("{FAE04EC0-301F-11D3-BF4B-00C04F79EFBC}") = "Week1_TristanKnott", "Week1_TristanKnott.csproj", "{A626A870-4AFB-4785-BEAC-1FBD3DA4B8A4}"
EndProject
Global
	GlobalSection(SolutionConfigurationPlatforms) = preSolution
		Debug|Any CPU = Debug|Any CPU
		Release|Any CPU = Release|Any CPU
	EndGlobalSection
	GlobalSection(ProjectConfigurationPlatforms) = postSolution
		{A626A870-4AFB-4785-BEAC-1FBD3DA4B8A4}.Debug|Any CPU.ActiveCfg = Debug|Any CPU
		{A626A870-4AFB-4785-BEAC-1FBD3DA4B8A4}.Debug|Any CPU.Build.0 = Debug|Any CPU
		{A626A870-4AFB-4785-BEAC-1FBD3DA4B8A4}.Release|Any CPU.ActiveCfg = Release|Any CPU
		{A626A870-4AFB-4785-BEAC-1FBD3DA4B8A4}.Release|Any CPU.Build.0 = Release|Any CPU
	EndGlobalSection
	GlobalSection(SolutionProperties) = preSolution
		HideSolutionNode = FALSE
	EndGlobalSection
	GlobalSection(ExtensibilityGlobals) = postSolution
		SolutionGuid = {22F0A92A-8828-494C-90F6-B25D65BDA02F}
	EndGlobalSection
EndGlobal
